github.com/golang/protobuf v1.5.0/go.mod h1:FsONVRAS9T7sI+LIUmWTfcYkHO4aIWwzhcaSAoJOfIk=
github.com/golang/protobuf v1.5.2 h1:ROPKBNFfQgOUMifHyP+KYbvpjbdoFNs+aK7DXlji0Tw=
github.com/golang/protobuf v1.5.2/go.mod h1:XVQd3VNwM+JqD3oG2Ue2ip4fOMUkwXdXDdiuN0vRsmY=
github.com/google/go-cmp v0.5.5/go.mod h1:v8dTdLbMG2kIc/vJvl+f65V22dbkXbowE6jgT/gNBxE=
github.com/google/go-cmp v0.5.6 h1:BKbKCqvP6I+rmFHt06ZmyQtvB8xAkWdhFyr0ZUNZcxQ=
github.com/opiproject/opi-api v0.0.0-20221115234013-ffe4aadd66ca h1:vRYng2TL09Q/QAe3xn9gQS9KMdhSCLTzpTCenyRO/SY=
github.com/opiproject/opi-api v0.0.0-20221115234013-ffe4aadd66ca/go.mod h1:92pv4ulvvPMuxCJ9ND3aYbmBfEMLx0VCjpkiR7ZTqPY=
github.com/opiproject/opi-api v0.0.0-20221121200811-5d2289de810a h1:dFFDDQez4aCsKEkvEnQ+yFnMu5/yZ/VWBxbIRmAvgd4=
github.com/opiproject/opi-api v0.0.0-20221121200811-5d2289de810a/go.mod h1:92pv4ulvvPMuxCJ9ND3aYbmBfEMLx0VCjpkiR7ZTqPY=
github.com/opiproject/opi-api v0.0.0-20221129180238-b10361a9c119 h1:exwxNwGuwQtA9IRs2I/Eh22IWeeReAf3uzExgblLytY=
github.com/opiproject/opi-api v0.0.0-20221129180238-b10361a9c119/go.mod h1:92pv4ulvvPMuxCJ9ND3aYbmBfEMLx0VCjpkiR7ZTqPY=
github.com/opiproject/opi-api v0.0.0-20221207164013-fd93b840b575 h1:qUuLJp4bRKxC21El2bg6rhlBLjD/HBta7ALSZLD2pMY=
github.com/opiproject/opi-api v0.0.0-20221207164013-fd93b840b575/go.mod h1:92pv4ulvvPMuxCJ9ND3aYbmBfEMLx0VCjpkiR7ZTqPY=
github.com/opiproject/opi-api v0.0.0-20221208205708-b089acb781cd h1:9jPT8oOKr5VvC2oRhuoH3YStkHCLOjZuLiQBNHLK1bY=
github.com/opiproject/opi-api v0.0.0-20221208205708-b089acb781cd/go.mod h1:92pv4ulvvPMuxCJ9ND3aYbmBfEMLx0VCjpkiR7ZTqPY=
github.com/opiproject/opi-api v0.0.0-20221208224812-65d927304471 h1:W1F/RDX/PHjRanw6aaOtxCGTsPoysGNIhMojKex+kX8=
github.com/opiproject/opi-api v0.0.0-20221208224812-65d927304471/go.mod h1:92pv4ulvvPMuxCJ9ND3aYbmBfEMLx0VCjpkiR7ZTqPY=
github.com/opiproject/opi-api v0.0.0-20221212161256-b1b2672e72be h1:lS16v9/5Vr0+ibwLRp0LJPEq3KWAEFcS81ifVS2BscI=
github.com/opiproject/opi-api v0.0.0-20221212161256-b1b2672e72be/go.mod h1:92pv4ulvvPMuxCJ9ND3aYbmBfEMLx0VCjpkiR7ZTqPY=
github.com/opiproject/opi-api v0.0.0-20221212223617-4ab228a467f7 h1:iQS6+aIBIsWmNfcUmP40rrDrKsP+xgF2Z5nhOP33U/c=
github.com/opiproject/opi-api v0.0.0-20221212223617-4ab228a467f7/go.mod h1:92pv4ulvvPMuxCJ9ND3aYbmBfEMLx0VCjpkiR7ZTqPY=
github.com/opiproject/opi-api v0.0.0-20221215151834-b9358a2a96f8 h1:8M8B77nTgjoeZRFAUt9nhSQDUiTGOoM/FGTxFy3cdCs=
github.com/opiproject/opi-api v0.0.0-20221215151834-b9358a2a96f8/go.mod h1:92pv4ulvvPMuxCJ9ND3aYbmBfEMLx0VCjpkiR7ZTqPY=
github.com/opiproject/opi-api v0.0.0-20221215155400-a49a4ea1d561 h1:0v2Lmm5zPK6Doz3cn9QCqX8vAfLw72Hvwcx1cqam6bM=
github.com/opiproject/opi-api v0.0.0-20221215155400-a49a4ea1d561/go.mod h1:92pv4ulvvPMuxCJ9ND3aYbmBfEMLx0VCjpkiR7ZTqPY=
github.com/ulule/deepcopier v0.0.0-20200430083143-45decc6639b6 h1:TtyC78WMafNW8QFfv3TeP3yWNDG+uxNkk9vOrnDu6JA=
github.com/ulule/deepcopier v0.0.0-20200430083143-45decc6639b6/go.mod h1:h8272+G2omSmi30fBXiZDMkmHuOgonplfKIKjQWzlfs=
golang.org/x/net v0.2.0 h1:sZfSu1wtKLGlWI4ZZayP0ck9Y73K1ynO6gqzTdBVdPU=
golang.org/x/net v0.2.0/go.mod h1:KqCZLdyyvdV855qA2rE3GC2aiw5xGR5TEjj8smXukLY=
golang.org/x/sys v0.2.0 h1:ljd4t30dBnAvMZaQCevtY0xLLD0A+bRZXbgLMLU1F/A=
golang.org/x/sys v0.2.0/go.mod h1:oPkhp1MJrh7nUepCBck5+mAzfO9JrbApNNgaTdGDITg=
golang.org/x/text v0.4.0 h1:BrVqGRd7+k1DiOgtnFvAkoQEWQvBc25ouMJM6429SFg=
golang.org/x/text v0.4.0/go.mod h1:mrYo+phRRbMaCq/xk9113O4dZlRixOauAjOtrjsXDZ8=
golang.org/x/xerrors v0.0.0-20191204190536-9bdfabe68543/go.mod h1:I/5z698sn9Ka8TeJc9MKroUUfqBBauWjQqLJ2OPfmY0=
golang.org/x/xerrors v0.0.0-20200804184101-5ec99f83aff1 h1:go1bK/D/BFZV2I8cIQd1NKEZ+0owSTG1fDTci4IqFcE=
google.golang.org/genproto v0.0.0-20221116193143-41c2ba794472 h1:kIfItBRE5gkUKpH4H5lNGciZbka1JrmRli3ArqrKFkA=
google.golang.org/genproto v0.0.0-20221116193143-41c2ba794472/go.mod h1:rZS5c/ZVYMaOGBfO68GWtjOw/eLaZM1X6iVtgjZ+EWg=
google.golang.org/grpc v1.50.1 h1:DS/BukOZWp8s6p4Dt/tOaJaTQyPyOoCcrjroHuCeLzY=
google.golang.org/grpc v1.50.1/go.mod h1:ZgQEeidpAuNRZ8iRrlBKXZQP1ghovWIVhdJRyCDK+GI=
google.golang.org/grpc v1.51.0 h1:E1eGv1FTqoLIdnBCZufiSHgKjlqG6fKFf6pPWtMTh8U=
google.golang.org/grpc v1.51.0/go.mod h1:wgNDFcnuBGmxLKI/qn4T+m5BtEBYXJPvibbUPsAIPww=
google.golang.org/protobuf v1.26.0-rc.1/go.mod h1:jlhhOSvTdKEhbULTjvd4ARK9grFBp09yW+WbY/TyQbw=
google.golang.org/protobuf v1.26.0/go.mod h1:9q0QmTI4eRPtz6boOQmLYwt+qCgq0jsYwAQnmE0givc=
google.golang.org/protobuf v1.28.1 h1:d0NfwRgPtno5B1Wa6L2DAG+KivqkdutMf1UhdNx175w=
google.golang.org/protobuf v1.28.1/go.mod h1:HV8QOd/L58Z+nl8r43ehVNZIU/HEI6OcFqwMG9pJV4I=
